
Microsoft Visual Studio Solution File, Format Version 12.00
# Visual Studio Version 17
VisualStudioVersion = 17.1.32228.430
MinimumVisualStudioVersion = 10.0.40219.1
Project("{FAE04EC0-301F-11D3-BF4B-00C04F79EFBC}") = "MIS_Plugin", "MIS_Plugin\MIS_Plugin.csproj", "{62986A25-2834-4F1C-B539-1719A871101E}"
EndProject
Global
	GlobalSection(SolutionConfigurationPlatforms) = preSolution
		Debug|Any CPU = Debug|Any CPU
		Release|Any CPU = Release|Any CPU
	EndGlobalSection
	GlobalSection(ProjectConfigurationPlatforms) = postSolution
		{62986A25-2834-4F1C-B539-1719A871101E}.Debug|Any CPU.ActiveCfg = Debug|Any CPU
		{62986A25-2834-4F1C-B539-1719A871101E}.Debug|Any CPU.Build.0 = Debug|Any CPU
		{62986A25-2834-4F1C-B539-1719A871101E}.Release|Any CPU.ActiveCfg = Release|Any CPU
		{62986A25-2834-4F1C-B539-1719A871101E}.Release|Any CPU.Build.0 = Release|Any CPU
	EndGlobalSection
	GlobalSection(SolutionProperties) = preSolution
		HideSolutionNode = FALSE
	EndGlobalSection
	GlobalSection(ExtensibilityGlobals) = postSolution
		SolutionGuid = {20B40A90-F577-416F-B2D6-4EF80ADC198F}
	EndGlobalSection
EndGlobal
